
Microsoft Visual Studio Solution File, Format Version 12.00
# Visual Studio 15
VisualStudioVersion = 15.0.28307.1209
MinimumVisualStudioVersion = 10.0.40219.1
Project("{FAE04EC0-301F-11D3-BF4B-00C04F79EFBC}") = "DiamondKata", "DiamondKata\DiamondKata.csproj", "{04D8CE79-5033-4D2A-B106-A554608E684F}"
EndProject
Project("{FAE04EC0-301F-11D3-BF4B-00C04F79EFBC}") = "DiamondKataTests", "DiamondKataTests\DiamondKataTests.csproj", "{A2808576-76CF-4ADA-A7D6-70FABBA0A5F3}"
EndProject
Global
	GlobalSection(SolutionConfigurationPlatforms) = preSolution
		Debug|Any CPU = Debug|Any CPU
		Release|Any CPU = Release|Any CPU
	EndGlobalSection
	GlobalSection(ProjectConfigurationPlatforms) = postSolution
		{04D8CE79-5033-4D2A-B106-A554608E684F}.Debug|Any CPU.ActiveCfg = Debug|Any CPU
		{04D8CE79-5033-4D2A-B106-A554608E684F}.Debug|Any CPU.Build.0 = Debug|Any CPU
		{04D8CE79-5033-4D2A-B106-A554608E684F}.Release|Any CPU.ActiveCfg = Release|Any CPU
		{04D8CE79-5033-4D2A-B106-A554608E684F}.Release|Any CPU.Build.0 = Release|Any CPU
		{A2808576-76CF-4ADA-A7D6-70FABBA0A5F3}.Debug|Any CPU.ActiveCfg = Debug|Any CPU
		{A2808576-76CF-4ADA-A7D6-70FABBA0A5F3}.Debug|Any CPU.Build.0 = Debug|Any CPU
		{A2808576-76CF-4ADA-A7D6-70FABBA0A5F3}.Release|Any CPU.ActiveCfg = Release|Any CPU
		{A2808576-76CF-4ADA-A7D6-70FABBA0A5F3}.Release|Any CPU.Build.0 = Release|Any CPU
	EndGlobalSection
	GlobalSection(SolutionProperties) = preSolution
		HideSolutionNode = FALSE
	EndGlobalSection
	GlobalSection(ExtensibilityGlobals) = postSolution
		SolutionGuid = {6C2CA46B-EB3A-40DA-8345-4C75C3F96EF7}
	EndGlobalSection
EndGlobal
